
Microsoft Visual Studio Solution File, Format Version 12.00
# Visual Studio Version 16
VisualStudioVersion = 16.0.30114.105
MinimumVisualStudioVersion = 10.0.40219.1
Project("{FAE04EC0-301F-11D3-BF4B-00C04F79EFBC}") = "eis-core-net", "eis-core-net\eis-core-net.csproj", "{4799C70D-AC7F-4B7F-905B-199CB22A926E}"
EndProject
Project("{FAE04EC0-301F-11D3-BF4B-00C04F79EFBC}") = "event-publisher-net", "event-publisher-net\event-publisher-net.csproj", "{DCD3DBE4-1A0B-4552-92B1-0B7A45409840}"
EndProject
Global
	GlobalSection(SolutionConfigurationPlatforms) = preSolution
		Debug|Any CPU = Debug|Any CPU
		Debug|x64 = Debug|x64
		Debug|x86 = Debug|x86
		Release|Any CPU = Release|Any CPU
		Release|x64 = Release|x64
		Release|x86 = Release|x86
	EndGlobalSection
	GlobalSection(SolutionProperties) = preSolution
		HideSolutionNode = FALSE
	EndGlobalSection
	GlobalSection(ProjectConfigurationPlatforms) = postSolution
		{4799C70D-AC7F-4B7F-905B-199CB22A926E}.Debug|Any CPU.ActiveCfg = Debug|Any CPU
		{4799C70D-AC7F-4B7F-905B-199CB22A926E}.Debug|Any CPU.Build.0 = Debug|Any CPU
		{4799C70D-AC7F-4B7F-905B-199CB22A926E}.Debug|x64.ActiveCfg = Debug|Any CPU
		{4799C70D-AC7F-4B7F-905B-199CB22A926E}.Debug|x64.Build.0 = Debug|Any CPU
		{4799C70D-AC7F-4B7F-905B-199CB22A926E}.Debug|x86.ActiveCfg = Debug|Any CPU
		{4799C70D-AC7F-4B7F-905B-199CB22A926E}.Debug|x86.Build.0 = Debug|Any CPU
		{4799C70D-AC7F-4B7F-905B-199CB22A926E}.Release|Any CPU.ActiveCfg = Release|Any CPU
		{4799C70D-AC7F-4B7F-905B-199CB22A926E}.Release|Any CPU.Build.0 = Release|Any CPU
		{4799C70D-AC7F-4B7F-905B-199CB22A926E}.Release|x64.ActiveCfg = Release|Any CPU
		{4799C70D-AC7F-4B7F-905B-199CB22A926E}.Release|x64.Build.0 = Release|Any CPU
		{4799C70D-AC7F-4B7F-905B-199CB22A926E}.Release|x86.ActiveCfg = Release|Any CPU
		{4799C70D-AC7F-4B7F-905B-199CB22A926E}.Release|x86.Build.0 = Release|Any CPU
		{DCD3DBE4-1A0B-4552-92B1-0B7A45409840}.Debug|Any CPU.ActiveCfg = Debug|Any CPU
		{DCD3DBE4-1A0B-4552-92B1-0B7A45409840}.Debug|Any CPU.Build.0 = Debug|Any CPU
		{DCD3DBE4-1A0B-4552-92B1-0B7A45409840}.Debug|x64.ActiveCfg = Debug|Any CPU
		{DCD3DBE4-1A0B-4552-92B1-0B7A45409840}.Debug|x64.Build.0 = Debug|Any CPU
		{DCD3DBE4-1A0B-4552-92B1-0B7A45409840}.Debug|x86.ActiveCfg = Debug|Any CPU
		{DCD3DBE4-1A0B-4552-92B1-0B7A45409840}.Debug|x86.Build.0 = Debug|Any CPU
		{DCD3DBE4-1A0B-4552-92B1-0B7A45409840}.Release|Any CPU.ActiveCfg = Release|Any CPU
		{DCD3DBE4-1A0B-4552-92B1-0B7A45409840}.Release|Any CPU.Build.0 = Release|Any CPU
		{DCD3DBE4-1A0B-4552-92B1-0B7A45409840}.Release|x64.ActiveCfg = Release|Any CPU
		{DCD3DBE4-1A0B-4552-92B1-0B7A45409840}.Release|x64.Build.0 = Release|Any CPU
		{DCD3DBE4-1A0B-4552-92B1-0B7A45409840}.Release|x86.ActiveCfg = Release|Any CPU
		{DCD3DBE4-1A0B-4552-92B1-0B7A45409840}.Release|x86.Build.0 = Release|Any CPU
	EndGlobalSection
EndGlobal
